
Microsoft Visual Studio Solution File, Format Version 12.00
# Visual Studio Version 17
VisualStudioVersion = 17.10.35201.131
MinimumVisualStudioVersion = 10.0.40219.1
Project("{9A19103F-16F7-4668-BE54-9A1E7A4F7556}") = "BlogMVC", "BlogMVC\BlogMVC.csproj", "{98DF38AA-1039-4DCD-BDAB-81887833DB81}"
EndProject
Project("{2150E333-8FDC-42A3-9474-1A3956D46DE8}") = "Solution Items", "Solution Items", "{2B26CAD1-4B50-4F8E-8E80-DD068B8D6F78}"
	ProjectSection(SolutionItems) = preProject
		docker-compose.yml = docker-compose.yml
		README.md = README.md
	EndProjectSection
EndProject
Global
	GlobalSection(SolutionConfigurationPlatforms) = preSolution
		Debug|Any CPU = Debug|Any CPU
		Release|Any CPU = Release|Any CPU
	EndGlobalSection
	GlobalSection(ProjectConfigurationPlatforms) = postSolution
		{98DF38AA-1039-4DCD-BDAB-81887833DB81}.Debug|Any CPU.ActiveCfg = Debug|Any CPU
		{98DF38AA-1039-4DCD-BDAB-81887833DB81}.Debug|Any CPU.Build.0 = Debug|Any CPU
		{98DF38AA-1039-4DCD-BDAB-81887833DB81}.Release|Any CPU.ActiveCfg = Release|Any CPU
		{98DF38AA-1039-4DCD-BDAB-81887833DB81}.Release|Any CPU.Build.0 = Release|Any CPU
	EndGlobalSection
	GlobalSection(SolutionProperties) = preSolution
		HideSolutionNode = FALSE
	EndGlobalSection
	GlobalSection(ExtensibilityGlobals) = postSolution
		SolutionGuid = {1503EDCC-DE79-4132-93E6-DE427CF5B10E}
	EndGlobalSection
EndGlobal
